
Microsoft Visual Studio Solution File, Format Version 12.00
# Visual Studio Version 17
VisualStudioVersion = 17.1.32210.238
MinimumVisualStudioVersion = 10.0.40219.1
Project("{9A19103F-16F7-4668-BE54-9A1E7A4F7556}") = "Avalonia", "Avalonia\Avalonia.csproj", "{83DEA729-5EE4-4D50-B4FA-11886AB7BB7D}"
EndProject
Project("{FAE04EC0-301F-11D3-BF4B-00C04F79EFBC}") = "WPF", "WPF\WPF.csproj", "{EADC80D3-B07D-46DB-A2B7-0C4D954BA436}"
EndProject
Project("{9A19103F-16F7-4668-BE54-9A1E7A4F7556}") = "XamarinForms", "XamarinForms\XamarinForms.csproj", "{6FAF05C6-A859-431B-8147-1BA4DB35D655}"
EndProject
Project("{FAE04EC0-301F-11D3-BF4B-00C04F79EFBC}") = "XamarinForms.Android", "XamarinForms.Android\XamarinForms.Android.csproj", "{5AC9D831-40B2-4213-9C3D-E605613B567B}"
EndProject
Project("{FAE04EC0-301F-11D3-BF4B-00C04F79EFBC}") = "XamarinForms.iOS", "XamarinForms.iOS\XamarinForms.iOS.csproj", "{CCE72DF0-D40C-486F-99E6-C2B5DB593C3D}"
EndProject
Global
	GlobalSection(SolutionConfigurationPlatforms) = preSolution
		123|Any CPU = 123|Any CPU
		123|iPhone = 123|iPhone
		123|iPhoneSimulator = 123|iPhoneSimulator
		123|x64 = 123|x64
		Debug|Any CPU = Debug|Any CPU
		Debug|iPhone = Debug|iPhone
		Debug|iPhoneSimulator = Debug|iPhoneSimulator
		Debug|x64 = Debug|x64
		Release|Any CPU = Release|Any CPU
		Release|iPhone = Release|iPhone
		Release|iPhoneSimulator = Release|iPhoneSimulator
		Release|x64 = Release|x64
	EndGlobalSection
	GlobalSection(ProjectConfigurationPlatforms) = postSolution
		{83DEA729-5EE4-4D50-B4FA-11886AB7BB7D}.123|Any CPU.ActiveCfg = 123|Any CPU
		{83DEA729-5EE4-4D50-B4FA-11886AB7BB7D}.123|Any CPU.Build.0 = 123|Any CPU
		{83DEA729-5EE4-4D50-B4FA-11886AB7BB7D}.123|iPhone.ActiveCfg = 123|Any CPU
		{83DEA729-5EE4-4D50-B4FA-11886AB7BB7D}.123|iPhone.Build.0 = 123|Any CPU
		{83DEA729-5EE4-4D50-B4FA-11886AB7BB7D}.123|iPhoneSimulator.ActiveCfg = 123|Any CPU
		{83DEA729-5EE4-4D50-B4FA-11886AB7BB7D}.123|iPhoneSimulator.Build.0 = 123|Any CPU
		{83DEA729-5EE4-4D50-B4FA-11886AB7BB7D}.123|x64.ActiveCfg = 123|x64
		{83DEA729-5EE4-4D50-B4FA-11886AB7BB7D}.123|x64.Build.0 = 123|x64
		{83DEA729-5EE4-4D50-B4FA-11886AB7BB7D}.Debug|Any CPU.ActiveCfg = Debug|Any CPU
		{83DEA729-5EE4-4D50-B4FA-11886AB7BB7D}.Debug|Any CPU.Build.0 = Debug|Any CPU
		{83DEA729-5EE4-4D50-B4FA-11886AB7BB7D}.Debug|iPhone.ActiveCfg = Debug|Any CPU
		{83DEA729-5EE4-4D50-B4FA-11886AB7BB7D}.Debug|iPhone.Build.0 = Debug|Any CPU
		{83DEA729-5EE4-4D50-B4FA-11886AB7BB7D}.Debug|iPhoneSimulator.ActiveCfg = Debug|Any CPU
		{83DEA729-5EE4-4D50-B4FA-11886AB7BB7D}.Debug|iPhoneSimulator.Build.0 = Debug|Any CPU
		{83DEA729-5EE4-4D50-B4FA-11886AB7BB7D}.Debug|x64.ActiveCfg = Debug|x64
		{83DEA729-5EE4-4D50-B4FA-11886AB7BB7D}.Debug|x64.Build.0 = Debug|x64
		{83DEA729-5EE4-4D50-B4FA-11886AB7BB7D}.Release|Any CPU.ActiveCfg = Release|Any CPU
		{83DEA729-5EE4-4D50-B4FA-11886AB7BB7D}.Release|Any CPU.Build.0 = Release|Any CPU
		{83DEA729-5EE4-4D50-B4FA-11886AB7BB7D}.Release|iPhone.ActiveCfg = Release|Any CPU
		{83DEA729-5EE4-4D50-B4FA-11886AB7BB7D}.Release|iPhone.Build.0 = Release|Any CPU
		{83DEA729-5EE4-4D50-B4FA-11886AB7BB7D}.Release|iPhoneSimulator.ActiveCfg = Release|Any CPU
		{83DEA729-5EE4-4D50-B4FA-11886AB7BB7D}.Release|iPhoneSimulator.Build.0 = Release|Any CPU
		{83DEA729-5EE4-4D50-B4FA-11886AB7BB7D}.Release|x64.ActiveCfg = Release|x64
		{83DEA729-5EE4-4D50-B4FA-11886AB7BB7D}.Release|x64.Build.0 = Release|x64
		{EADC80D3-B07D-46DB-A2B7-0C4D954BA436}.123|Any CPU.ActiveCfg = Debug|Any CPU
		{EADC80D3-B07D-46DB-A2B7-0C4D954BA436}.123|Any CPU.Build.0 = Debug|Any CPU
		{EADC80D3-B07D-46DB-A2B7-0C4D954BA436}.123|iPhone.ActiveCfg = Debug|Any CPU
		{EADC80D3-B07D-46DB-A2B7-0C4D954BA436}.123|iPhone.Build.0 = Debug|Any CPU
		{EADC80D3-B07D-46DB-A2B7-0C4D954BA436}.123|iPhoneSimulator.ActiveCfg = Debug|Any CPU
		{EADC80D3-B07D-46DB-A2B7-0C4D954BA436}.123|iPhoneSimulator.Build.0 = Debug|Any CPU
		{EADC80D3-B07D-46DB-A2B7-0C4D954BA436}.123|x64.ActiveCfg = Debug|x64
		{EADC80D3-B07D-46DB-A2B7-0C4D954BA436}.123|x64.Build.0 = Debug|x64
		{EADC80D3-B07D-46DB-A2B7-0C4D954BA436}.Debug|Any CPU.ActiveCfg = Debug|Any CPU
		{EADC80D3-B07D-46DB-A2B7-0C4D954BA436}.Debug|Any CPU.Build.0 = Debug|Any CPU
		{EADC80D3-B07D-46DB-A2B7-0C4D954BA436}.Debug|iPhone.ActiveCfg = Debug|Any CPU
		{EADC80D3-B07D-46DB-A2B7-0C4D954BA436}.Debug|iPhone.Build.0 = Debug|Any CPU
		{EADC80D3-B07D-46DB-A2B7-0C4D954BA436}.Debug|iPhoneSimulator.ActiveCfg = Debug|Any CPU
		{EADC80D3-B07D-46DB-A2B7-0C4D954BA436}.Debug|iPhoneSimulator.Build.0 = Debug|Any CPU
		{EADC80D3-B07D-46DB-A2B7-0C4D954BA436}.Debug|x64.ActiveCfg = Debug|x64
		{EADC80D3-B07D-46DB-A2B7-0C4D954BA436}.Debug|x64.Build.0 = Debug|x64
		{EADC80D3-B07D-46DB-A2B7-0C4D954BA436}.Release|Any CPU.ActiveCfg = Release|Any CPU
		{EADC80D3-B07D-46DB-A2B7-0C4D954BA436}.Release|Any CPU.Build.0 = Release|Any CPU
		{EADC80D3-B07D-46DB-A2B7-0C4D954BA436}.Release|iPhone.ActiveCfg = Release|Any CPU
		{EADC80D3-B07D-46DB-A2B7-0C4D954BA436}.Release|iPhone.Build.0 = Release|Any CPU
		{EADC80D3-B07D-46DB-A2B7-0C4D954BA436}.Release|iPhoneSimulator.ActiveCfg = Release|Any CPU
		{EADC80D3-B07D-46DB-A2B7-0C4D954BA436}.Release|iPhoneSimulator.Build.0 = Release|Any CPU
		{EADC80D3-B07D-46DB-A2B7-0C4D954BA436}.Release|x64.ActiveCfg = Release|x64
		{EADC80D3-B07D-46DB-A2B7-0C4D954BA436}.Release|x64.Build.0 = Release|x64
		{6FAF05C6-A859-431B-8147-1BA4DB35D655}.123|Any CPU.ActiveCfg = 123|Any CPU
		{6FAF05C6-A859-431B-8147-1BA4DB35D655}.123|Any CPU.Build.0 = 123|Any CPU
		{6FAF05C6-A859-431B-8147-1BA4DB35D655}.123|iPhone.ActiveCfg = 123|Any CPU
		{6FAF05C6-A859-431B-8147-1BA4DB35D655}.123|iPhone.Build.0 = 123|Any CPU
		{6FAF05C6-A859-431B-8147-1BA4DB35D655}.123|iPhoneSimulator.ActiveCfg = 123|Any CPU
		{6FAF05C6-A859-431B-8147-1BA4DB35D655}.123|iPhoneSimulator.Build.0 = 123|Any CPU
		{6FAF05C6-A859-431B-8147-1BA4DB35D655}.123|x64.ActiveCfg = 123|x64
		{6FAF05C6-A859-431B-8147-1BA4DB35D655}.123|x64.Build.0 = 123|x64
		{6FAF05C6-A859-431B-8147-1BA4DB35D655}.Debug|Any CPU.ActiveCfg = Debug|Any CPU
		{6FAF05C6-A859-431B-8147-1BA4DB35D655}.Debug|Any CPU.Build.0 = Debug|Any CPU
		{6FAF05C6-A859-431B-8147-1BA4DB35D655}.Debug|iPhone.ActiveCfg = Debug|Any CPU
		{6FAF05C6-A859-431B-8147-1BA4DB35D655}.Debug|iPhone.Build.0 = Debug|Any CPU
		{6FAF05C6-A859-431B-8147-1BA4DB35D655}.Debug|iPhoneSimulator.ActiveCfg = Debug|Any CPU
		{6FAF05C6-A859-431B-8147-1BA4DB35D655}.Debug|iPhoneSimulator.Build.0 = Debug|Any CPU
		{6FAF05C6-A859-431B-8147-1BA4DB35D655}.Debug|x64.ActiveCfg = Debug|x64
		{6FAF05C6-A859-431B-8147-1BA4DB35D655}.Debug|x64.Build.0 = Debug|x64
		{6FAF05C6-A859-431B-8147-1BA4DB35D655}.Release|Any CPU.ActiveCfg = Release|Any CPU
		{6FAF05C6-A859-431B-8147-1BA4DB35D655}.Release|Any CPU.Build.0 = Release|Any CPU
		{6FAF05C6-A859-431B-8147-1BA4DB35D655}.Release|iPhone.ActiveCfg = Release|Any CPU
		{6FAF05C6-A859-431B-8147-1BA4DB35D655}.Release|iPhone.Build.0 = Release|Any CPU
		{6FAF05C6-A859-431B-8147-1BA4DB35D655}.Release|iPhoneSimulator.ActiveCfg = Release|Any CPU
		{6FAF05C6-A859-431B-8147-1BA4DB35D655}.Release|iPhoneSimulator.Build.0 = Release|Any CPU
		{6FAF05C6-A859-431B-8147-1BA4DB35D655}.Release|x64.ActiveCfg = Release|x64
		{6FAF05C6-A859-431B-8147-1BA4DB35D655}.Release|x64.Build.0 = Release|x64
		{5AC9D831-40B2-4213-9C3D-E605613B567B}.123|Any CPU.ActiveCfg = Debug|Any CPU
		{5AC9D831-40B2-4213-9C3D-E605613B567B}.123|Any CPU.Build.0 = Debug|Any CPU
		{5AC9D831-40B2-4213-9C3D-E605613B567B}.123|Any CPU.Deploy.0 = Debug|Any CPU
		{5AC9D831-40B2-4213-9C3D-E605613B567B}.123|iPhone.ActiveCfg = Debug|Any CPU
		{5AC9D831-40B2-4213-9C3D-E605613B567B}.123|iPhone.Build.0 = Debug|Any CPU
		{5AC9D831-40B2-4213-9C3D-E605613B567B}.123|iPhone.Deploy.0 = Debug|Any CPU
		{5AC9D831-40B2-4213-9C3D-E605613B567B}.123|iPhoneSimulator.ActiveCfg = Debug|Any CPU
		{5AC9D831-40B2-4213-9C3D-E605613B567B}.123|iPhoneSimulator.Build.0 = Debug|Any CPU
		{5AC9D831-40B2-4213-9C3D-E605613B567B}.123|iPhoneSimulator.Deploy.0 = Debug|Any CPU
		{5AC9D831-40B2-4213-9C3D-E605613B567B}.123|x64.ActiveCfg = Debug|Any CPU
		{5AC9D831-40B2-4213-9C3D-E605613B567B}.123|x64.Build.0 = Debug|Any CPU
		{5AC9D831-40B2-4213-9C3D-E605613B567B}.123|x64.Deploy.0 = Debug|Any CPU
		{5AC9D831-40B2-4213-9C3D-E605613B567B}.Debug|Any CPU.ActiveCfg = Debug|Any CPU
		{5AC9D831-40B2-4213-9C3D-E605613B567B}.Debug|Any CPU.Build.0 = Debug|Any CPU
		{5AC9D831-40B2-4213-9C3D-E605613B567B}.Debug|Any CPU.Deploy.0 = Debug|Any CPU
		{5AC9D831-40B2-4213-9C3D-E605613B567B}.Debug|iPhone.ActiveCfg = Debug|Any CPU
		{5AC9D831-40B2-4213-9C3D-E605613B567B}.Debug|iPhone.Build.0 = Debug|Any CPU
		{5AC9D831-40B2-4213-9C3D-E605613B567B}.Debug|iPhone.Deploy.0 = Debug|Any CPU
		{5AC9D831-40B2-4213-9C3D-E605613B567B}.Debug|iPhoneSimulator.ActiveCfg = Debug|Any CPU
		{5AC9D831-40B2-4213-9C3D-E605613B567B}.Debug|iPhoneSimulator.Build.0 = Debug|Any CPU
		{5AC9D831-40B2-4213-9C3D-E605613B567B}.Debug|iPhoneSimulator.Deploy.0 = Debug|Any CPU
		{5AC9D831-40B2-4213-9C3D-E605613B567B}.Debug|x64.ActiveCfg = Debug|Any CPU
		{5AC9D831-40B2-4213-9C3D-E605613B567B}.Debug|x64.Build.0 = Debug|Any CPU
		{5AC9D831-40B2-4213-9C3D-E605613B567B}.Debug|x64.Deploy.0 = Debug|Any CPU
		{5AC9D831-40B2-4213-9C3D-E605613B567B}.Release|Any CPU.ActiveCfg = Release|Any CPU
		{5AC9D831-40B2-4213-9C3D-E605613B567B}.Release|Any CPU.Build.0 = Release|Any CPU
		{5AC9D831-40B2-4213-9C3D-E605613B567B}.Release|Any CPU.Deploy.0 = Release|Any CPU
		{5AC9D831-40B2-4213-9C3D-E605613B567B}.Release|iPhone.ActiveCfg = Release|Any CPU
		{5AC9D831-40B2-4213-9C3D-E605613B567B}.Release|iPhone.Build.0 = Release|Any CPU
		{5AC9D831-40B2-4213-9C3D-E605613B567B}.Release|iPhone.Deploy.0 = Release|Any CPU
		{5AC9D831-40B2-4213-9C3D-E605613B567B}.Release|iPhoneSimulator.ActiveCfg = Release|Any CPU
		{5AC9D831-40B2-4213-9C3D-E605613B567B}.Release|iPhoneSimulator.Build.0 = Release|Any CPU
		{5AC9D831-40B2-4213-9C3D-E605613B567B}.Release|iPhoneSimulator.Deploy.0 = Release|Any CPU
		{5AC9D831-40B2-4213-9C3D-E605613B567B}.Release|x64.ActiveCfg = Release|Any CPU
		{5AC9D831-40B2-4213-9C3D-E605613B567B}.Release|x64.Build.0 = Release|Any CPU
		{5AC9D831-40B2-4213-9C3D-E605613B567B}.Release|x64.Deploy.0 = Release|Any CPU
		{CCE72DF0-D40C-486F-99E6-C2B5DB593C3D}.123|Any CPU.ActiveCfg = Debug|iPhoneSimulator
		{CCE72DF0-D40C-486F-99E6-C2B5DB593C3D}.123|Any CPU.Build.0 = Debug|iPhoneSimulator
		{CCE72DF0-D40C-486F-99E6-C2B5DB593C3D}.123|iPhone.ActiveCfg = Debug|iPhone
		{CCE72DF0-D40C-486F-99E6-C2B5DB593C3D}.123|iPhone.Build.0 = Debug|iPhone
		{CCE72DF0-D40C-486F-99E6-C2B5DB593C3D}.123|iPhoneSimulator.ActiveCfg = Debug|iPhoneSimulator
		{CCE72DF0-D40C-486F-99E6-C2B5DB593C3D}.123|iPhoneSimulator.Build.0 = Debug|iPhoneSimulator
		{CCE72DF0-D40C-486F-99E6-C2B5DB593C3D}.123|x64.ActiveCfg = Debug|iPhoneSimulator
		{CCE72DF0-D40C-486F-99E6-C2B5DB593C3D}.123|x64.Build.0 = Debug|iPhoneSimulator
		{CCE72DF0-D40C-486F-99E6-C2B5DB593C3D}.Debug|Any CPU.ActiveCfg = Debug|iPhoneSimulator
		{CCE72DF0-D40C-486F-99E6-C2B5DB593C3D}.Debug|Any CPU.Build.0 = Debug|iPhoneSimulator
		{CCE72DF0-D40C-486F-99E6-C2B5DB593C3D}.Debug|iPhone.ActiveCfg = Debug|iPhone
		{CCE72DF0-D40C-486F-99E6-C2B5DB593C3D}.Debug|iPhone.Build.0 = Debug|iPhone
		{CCE72DF0-D40C-486F-99E6-C2B5DB593C3D}.Debug|iPhoneSimulator.ActiveCfg = Debug|iPhoneSimulator
		{CCE72DF0-D40C-486F-99E6-C2B5DB593C3D}.Debug|iPhoneSimulator.Build.0 = Debug|iPhoneSimulator
		{CCE72DF0-D40C-486F-99E6-C2B5DB593C3D}.Debug|x64.ActiveCfg = Debug|iPhoneSimulator
		{CCE72DF0-D40C-486F-99E6-C2B5DB593C3D}.Debug|x64.Build.0 = Debug|iPhoneSimulator
		{CCE72DF0-D40C-486F-99E6-C2B5DB593C3D}.Release|Any CPU.ActiveCfg = Release|iPhoneSimulator
		{CCE72DF0-D40C-486F-99E6-C2B5DB593C3D}.Release|Any CPU.Build.0 = Release|iPhoneSimulator
		{CCE72DF0-D40C-486F-99E6-C2B5DB593C3D}.Release|iPhone.ActiveCfg = Release|iPhone
		{CCE72DF0-D40C-486F-99E6-C2B5DB593C3D}.Release|iPhone.Build.0 = Release|iPhone
		{CCE72DF0-D40C-486F-99E6-C2B5DB593C3D}.Release|iPhoneSimulator.ActiveCfg = Release|iPhoneSimulator
		{CCE72DF0-D40C-486F-99E6-C2B5DB593C3D}.Release|iPhoneSimulator.Build.0 = Release|iPhoneSimulator
		{CCE72DF0-D40C-486F-99E6-C2B5DB593C3D}.Release|x64.ActiveCfg = Release|iPhoneSimulator
		{CCE72DF0-D40C-486F-99E6-C2B5DB593C3D}.Release|x64.Build.0 = Release|iPhoneSimulator
	EndGlobalSection
	GlobalSection(SolutionProperties) = preSolution
		HideSolutionNode = FALSE
	EndGlobalSection
	GlobalSection(ExtensibilityGlobals) = postSolution
		SolutionGuid = {FCE42D6E-364F-48E8-816D-F9D43B1BDAAF}
	EndGlobalSection
EndGlobal
